Microsoft Visual Studio Solution File, Format Version 12.00
# Visual Studio Version 17
VisualStudioVersion = 17.6.33424.131
MinimumVisualStudioVersion = 10.0.40219.1

Project("{8BC9CEB8-8B4A-11D0-8D11-00A0C91BC942}") = "bitnion-cli", "bitnion-cli\\bitnion-cli.vcxproj", "{B1C700C1-CLI1-4B9D-8A1F-BITNIONCLI001}"
EndProject
Project("{8BC9CEB8-8B4A-11D0-8D11-00A0C91BC942}") = "bitniond", "bitniond\\bitniond.vcxproj", "{B1C7-BITNIOND-DAEMON-GUID}"
EndProject
Project("{8BC9CEB8-8B4A-11D0-8D11-00A0C91BC942}") = "bitnion-qt", "bitnion-qt\\bitnion-qt.vcxproj", "{B1C7-BITNION-QT-GUI-GUID}"
EndProject
Project("{8BC9CEB8-8B4A-11D0-8D11-00A0C91BC942}") = "libbitnion_wallet_tool", "libbitnion_wallet_tool\\libbitnion_wallet_tool.vcxproj.in", "{B1C7-WALLET-TOOL-BITNION-PROJGUID}"
EndProject

Global
	GlobalSection(SolutionConfigurationPlatforms) = preSolution
		Release|x64 = Release|x64
	EndGlobalSection
	GlobalSection(ProjectConfigurationPlatforms) = postSolution
		{B1C700C1-CLI1-4B9D-8A1F-BITNIONCLI001}.Release|x64.ActiveCfg = Release|x64
		{B1C700C1-CLI1-4B9D-8A1F-BITNIONCLI001}.Release|x64.Build.0 = Release|x64

		{B1C7-BITNIOND-DAEMON-GUID}.Release|x64.ActiveCfg = Release|x64
		{B1C7-BITNIOND-DAEMON-GUID}.Release|x64.Build.0 = Release|x64

		{B1C7-BITNION-QT-GUI-GUID}.Release|x64.ActiveCfg = Release|x64
		{B1C7-BITNION-QT-GUI-GUID}.Release|x64.Build.0 = Release|x64

		{B1C7-WALLET-TOOL-BITNION-PROJGUID}.Release|x64.ActiveCfg = Release|x64
		{B1C7-WALLET-TOOL-BITNION-PROJGUID}.Release|x64.Build.0 = Release|x64
	EndGlobalSection
	GlobalSection(SolutionProperties) = preSolution
		HideSolutionNode = FALSE
	EndGlobalSection
EndGlobal
